// !$*UTF8*$!
{
	archiveVersion = 1;
	classes = {
	};
	objectVersion = 77;
	objects = {

/* Begin PBXBuildFile section */
		090740C86EC21EC4B20788DA /* ChatHomeListModels.swift in Sources */ = {isa = PBXBuildFile; fileRef = CBB417167A12CD8F67C5EE13 /* ChatHomeListModels.swift */; };
		1286509FDB5E7C5CA1CB198B /* SecureKeyStore.swift in Sources */ = {isa = PBXBuildFile; fileRef = C847DD6581E6CD2A2D167BEC /* SecureKeyStore.swift */; };
		1EA97DF15AD85BA18CDC817C /* ChatHomeCardCell.swift in Sources */ = {isa = PBXBuildFile; fileRef = 7650C36AD9B2E9A56F397226 /* ChatHomeCardCell.swift */; };
		225B44916B95562AE2745D41 /* ChatEngineStore.swift in Sources */ = {isa = PBXBuildFile; fileRef = 8B45884E90DF4893406313CF /* ChatEngineStore.swift */; };
		2BFC94AE09D4AC88B6B56F51 /* AuthViewController.swift in Sources */ = {isa = PBXBuildFile; fileRef = AA7CDE7484C711D2F7EDEAEA /* AuthViewController.swift */; };
		4786B53574D013A068719A5A /* PacketRuntime.swift in Sources */ = {isa = PBXBuildFile; fileRef = B038D41F0322F2B2DE42260F /* PacketRuntime.swift */; };
		55D2BB40370468CB242333E9 /* WelcomeViewController.swift in Sources */ = {isa = PBXBuildFile; fileRef = 65EA3037B88F594799DC5DE5 /* WelcomeViewController.swift */; };
		64C59B622685F652AAA63712 /* ChatHomeService.swift in Sources */ = {isa = PBXBuildFile; fileRef = DE295B6B9A24463008A3BDD7 /* ChatHomeService.swift */; };
		7730224BACF4052A8D8931FE /* PacketBootstrapService.swift in Sources */ = {isa = PBXBuildFile; fileRef = 5313D3693EED4E59300EF584 /* PacketBootstrapService.swift */; };
		9699723DB4851556C614BB55 /* PacketModels.swift in Sources */ = {isa = PBXBuildFile; fileRef = 105F417B0F0E94309D44BABA /* PacketModels.swift */; };
		C6389EFB3A26025807BB829E /* AppDelegate.swift in Sources */ = {isa = PBXBuildFile; fileRef = C849E2FC04325A33DBD9A9D5 /* AppDelegate.swift */; };
		D615AA9C6418E0DF034F350D /* ChatHomeUndoBannerView.swift in Sources */ = {isa = PBXBuildFile; fileRef = D32E4E831DD2A0B3CAEF1A82 /* ChatHomeUndoBannerView.swift */; };
		DBEDD11EA19CBB1755CD6083 /* AppSessionConfig.swift in Sources */ = {isa = PBXBuildFile; fileRef = 30C7C11C298B1C883985B199 /* AppSessionConfig.swift */; };
		F1B70FB8A309F1E21B77D0E6 /* ChatHomeViewController.swift in Sources */ = {isa = PBXBuildFile; fileRef = 65D6DA373DCCA10C201041BF /* ChatHomeViewController.swift */; };
/* End PBXBuildFile section */

/* Begin PBXFileReference section */
		105F417B0F0E94309D44BABA /* PacketModels.swift */ = {isa = PBXFileReference; lastKnownFileType = sourcecode.swift; path = PacketModels.swift; sourceTree = "<group>"; };
		1E631A9B333888CF20B307A9 /* Info.plist */ = {isa = PBXFileReference; lastKnownFileType = text.plist; path = Info.plist; sourceTree = "<group>"; };
		30C7C11C298B1C883985B199 /* AppSessionConfig.swift */ = {isa = PBXFileReference; lastKnownFileType = sourcecode.swift; path = AppSessionConfig.swift; sourceTree = "<group>"; };
		4589748480CA580517B41F11 /* Packet-Bridging-Header.h */ = {isa = PBXFileReference; lastKnownFileType = sourcecode.c.h; path = "Packet-Bridging-Header.h"; sourceTree = "<group>"; };
		5313D3693EED4E59300EF584 /* PacketBootstrapService.swift */ = {isa = PBXFileReference; lastKnownFileType = sourcecode.swift; path = PacketBootstrapService.swift; sourceTree = "<group>"; };
		65D6DA373DCCA10C201041BF /* ChatHomeViewController.swift */ = {isa = PBXFileReference; lastKnownFileType = sourcecode.swift; path = ChatHomeViewController.swift; sourceTree = "<group>"; };
		65EA3037B88F594799DC5DE5 /* WelcomeViewController.swift */ = {isa = PBXFileReference; lastKnownFileType = sourcecode.swift; path = WelcomeViewController.swift; sourceTree = "<group>"; };
		7650C36AD9B2E9A56F397226 /* ChatHomeCardCell.swift */ = {isa = PBXFileReference; lastKnownFileType = sourcecode.swift; path = ChatHomeCardCell.swift; sourceTree = "<group>"; };
		8B45884E90DF4893406313CF /* ChatEngineStore.swift */ = {isa = PBXFileReference; lastKnownFileType = sourcecode.swift; path = ChatEngineStore.swift; sourceTree = "<group>"; };
		8DB8DC56085482FCD2C13CA8 /* Vibe.app */ = {isa = PBXFileReference; explicitFileType = wrapper.application; includeInIndex = 0; path = Vibe.app; sourceTree = BUILT_PRODUCTS_DIR; };
		AA7CDE7484C711D2F7EDEAEA /* AuthViewController.swift */ = {isa = PBXFileReference; lastKnownFileType = sourcecode.swift; path = AuthViewController.swift; sourceTree = "<group>"; };
		B038D41F0322F2B2DE42260F /* PacketRuntime.swift */ = {isa = PBXFileReference; lastKnownFileType = sourcecode.swift; path = PacketRuntime.swift; sourceTree = "<group>"; };
		C847DD6581E6CD2A2D167BEC /* SecureKeyStore.swift */ = {isa = PBXFileReference; lastKnownFileType = sourcecode.swift; path = SecureKeyStore.swift; sourceTree = "<group>"; };
		C849E2FC04325A33DBD9A9D5 /* AppDelegate.swift */ = {isa = PBXFileReference; lastKnownFileType = sourcecode.swift; path = AppDelegate.swift; sourceTree = "<group>"; };
		CBB417167A12CD8F67C5EE13 /* ChatHomeListModels.swift */ = {isa = PBXFileReference; lastKnownFileType = sourcecode.swift; path = ChatHomeListModels.swift; sourceTree = "<group>"; };
		D32E4E831DD2A0B3CAEF1A82 /* ChatHomeUndoBannerView.swift */ = {isa = PBXFileReference; lastKnownFileType = sourcecode.swift; path = ChatHomeUndoBannerView.swift; sourceTree = "<group>"; };
		DE295B6B9A24463008A3BDD7 /* ChatHomeService.swift */ = {isa = PBXFileReference; lastKnownFileType = sourcecode.swift; path = ChatHomeService.swift; sourceTree = "<group>"; };
/* End PBXFileReference section */

/* Begin PBXGroup section */
		18D62045E8840B67F88B915A /* Storage */ = {
			isa = PBXGroup;
			children = (
				8B45884E90DF4893406313CF /* ChatEngineStore.swift */,
				C847DD6581E6CD2A2D167BEC /* SecureKeyStore.swift */,
			);
			path = Storage;
			sourceTree = "<group>";
		};
		23CD2D1AC6BE0930014ED444 /* Packet */ = {
			isa = PBXGroup;
			children = (
				4589748480CA580517B41F11 /* Packet-Bridging-Header.h */,
				5313D3693EED4E59300EF584 /* PacketBootstrapService.swift */,
				105F417B0F0E94309D44BABA /* PacketModels.swift */,
				B038D41F0322F2B2DE42260F /* PacketRuntime.swift */,
			);
			path = Packet;
			sourceTree = "<group>";
		};
		2BC3B52EEDA7A3851A526011 /* Home */ = {
			isa = PBXGroup;
			children = (
				7650C36AD9B2E9A56F397226 /* ChatHomeCardCell.swift */,
				CBB417167A12CD8F67C5EE13 /* ChatHomeListModels.swift */,
				DE295B6B9A24463008A3BDD7 /* ChatHomeService.swift */,
				D32E4E831DD2A0B3CAEF1A82 /* ChatHomeUndoBannerView.swift */,
				65D6DA373DCCA10C201041BF /* ChatHomeViewController.swift */,
			);
			path = Home;
			sourceTree = "<group>";
		};
		36C47034649B944C27853618 /* Products */ = {
			isa = PBXGroup;
			children = (
				8DB8DC56085482FCD2C13CA8 /* Vibe.app */,
			);
			name = Products;
			sourceTree = "<group>";
		};
		41B8E47C2976513AB2C10C81 /* App */ = {
			isa = PBXGroup;
			children = (
				C849E2FC04325A33DBD9A9D5 /* AppDelegate.swift */,
				1E631A9B333888CF20B307A9 /* Info.plist */,
			);
			path = App;
			sourceTree = "<group>";
		};
		7260F98D9294A438FBC151ED /* App */ = {
			isa = PBXGroup;
			children = (
				30C7C11C298B1C883985B199 /* AppSessionConfig.swift */,
				AA7CDE7484C711D2F7EDEAEA /* AuthViewController.swift */,
				65EA3037B88F594799DC5DE5 /* WelcomeViewController.swift */,
			);
			path = App;
			sourceTree = "<group>";
		};
		8EB245C2A1A08314BEDD6CF3 /* Sources */ = {
			isa = PBXGroup;
			children = (
				7260F98D9294A438FBC151ED /* App */,
				2BC3B52EEDA7A3851A526011 /* Home */,
				23CD2D1AC6BE0930014ED444 /* Packet */,
				18D62045E8840B67F88B915A /* Storage */,
			);
			path = Sources;
			sourceTree = "<group>";
		};
		AFAA63D61E24764442D91192 = {
			isa = PBXGroup;
			children = (
				41B8E47C2976513AB2C10C81 /* App */,
				8EB245C2A1A08314BEDD6CF3 /* Sources */,
				36C47034649B944C27853618 /* Products */,
			);
			sourceTree = "<group>";
		};
/* End PBXGroup section */

/* Begin PBXNativeTarget section */
		3FA221A1B648FD0BBBB89A7F /* Vibe */ = {
			isa = PBXNativeTarget;
			buildConfigurationList = 51BC96E0AAB7AE6442BF93E5 /* Build configuration list for PBXNativeTarget "Vibe" */;
			buildPhases = (
				70FEEED125D2D70A41ED9668 /* Sources */,
			);
			buildRules = (
			);
			dependencies = (
			);
			name = Vibe;
			packageProductDependencies = (
			);
			productName = Vibe;
			productReference = 8DB8DC56085482FCD2C13CA8 /* Vibe.app */;
			productType = "com.apple.product-type.application";
		};
/* End PBXNativeTarget section */

/* Begin PBXProject section */
		EED2669A86F822C1EECD2A46 /* Project object */ = {
			isa = PBXProject;
			attributes = {
				BuildIndependentTargetsInParallel = YES;
				LastUpgradeCheck = 1430;
			};
			buildConfigurationList = 786451589CA6F2DAC0B262E7 /* Build configuration list for PBXProject "Vibe" */;
			developmentRegion = en;
			hasScannedForEncodings = 0;
			knownRegions = (
				Base,
				en,
			);
			mainGroup = AFAA63D61E24764442D91192;
			minimizedProjectReferenceProxies = 1;
			preferredProjectObjectVersion = 77;
			productRefGroup = 36C47034649B944C27853618 /* Products */;
			projectDirPath = "";
			projectRoot = "";
			targets = (
				3FA221A1B648FD0BBBB89A7F /* Vibe */,
			);
		};
/* End PBXProject section */

/* Begin PBXSourcesBuildPhase section */
		70FEEED125D2D70A41ED9668 /* Sources */ = {
			isa = PBXSourcesBuildPhase;
			buildActionMask = 2147483647;
			files = (
				C6389EFB3A26025807BB829E /* AppDelegate.swift in Sources */,
				DBEDD11EA19CBB1755CD6083 /* AppSessionConfig.swift in Sources */,
				2BFC94AE09D4AC88B6B56F51 /* AuthViewController.swift in Sources */,
				225B44916B95562AE2745D41 /* ChatEngineStore.swift in Sources */,
				1EA97DF15AD85BA18CDC817C /* ChatHomeCardCell.swift in Sources */,
				090740C86EC21EC4B20788DA /* ChatHomeListModels.swift in Sources */,
				64C59B622685F652AAA63712 /* ChatHomeService.swift in Sources */,
				D615AA9C6418E0DF034F350D /* ChatHomeUndoBannerView.swift in Sources */,
				F1B70FB8A309F1E21B77D0E6 /* ChatHomeViewController.swift in Sources */,
				7730224BACF4052A8D8931FE /* PacketBootstrapService.swift in Sources */,
				9699723DB4851556C614BB55 /* PacketModels.swift in Sources */,
				4786B53574D013A068719A5A /* PacketRuntime.swift in Sources */,
				1286509FDB5E7C5CA1CB198B /* SecureKeyStore.swift in Sources */,
				55D2BB40370468CB242333E9 /* WelcomeViewController.swift in Sources */,
			);
			runOnlyForDeploymentPostprocessing = 0;
		};
/* End PBXSourcesBuildPhase section */

/* Begin XCBuildConfiguration section */
		38561933C04E9C5A2BF10AE8 /* Debug */ = {
			isa = XCBuildConfiguration;
			buildSettings = {
				ALWAYS_SEARCH_USER_PATHS = NO;
				CLANG_ANALYZER_NONNULL = YES;
				CLANG_ANALYZER_NUMBER_OBJECT_CONVERSION = YES_AGGRESSIVE;
				CLANG_CXX_LANGUAGE_STANDARD = "gnu++14";
				CLANG_CXX_LIBRARY = "libc++";
				CLANG_ENABLE_MODULES = YES;
				CLANG_ENABLE_OBJC_ARC = YES;
				CLANG_ENABLE_OBJC_WEAK = YES;
				CLANG_WARN_BLOCK_CAPTURE_AUTORELEASING = YES;
				CLANG_WARN_BOOL_CONVERSION = YES;
				CLANG_WARN_COMMA = YES;
				CLANG_WARN_CONSTANT_CONVERSION = YES;
				CLANG_WARN_DEPRECATED_OBJC_IMPLEMENTATIONS = YES;
				CLANG_WARN_DIRECT_OBJC_ISA_USAGE = YES_ERROR;
				CLANG_WARN_DOCUMENTATION_COMMENTS = YES;
				CLANG_WARN_EMPTY_BODY = YES;
				CLANG_WARN_ENUM_CONVERSION = YES;
				CLANG_WARN_INFINITE_RECURSION = YES;
				CLANG_WARN_INT_CONVERSION = YES;
				CLANG_WARN_NON_LITERAL_NULL_CONVERSION = YES;
				CLANG_WARN_OBJC_IMPLICIT_RETAIN_SELF = YES;
				CLANG_WARN_OBJC_LITERAL_CONVERSION = YES;
				CLANG_WARN_OBJC_ROOT_CLASS = YES_ERROR;
				CLANG_WARN_QUOTED_INCLUDE_IN_FRAMEWORK_HEADER = YES;
				CLANG_WARN_RANGE_LOOP_ANALYSIS = YES;
				CLANG_WARN_STRICT_PROTOTYPES = YES;
				CLANG_WARN_SUSPICIOUS_MOVE = YES;
				CLANG_WARN_UNGUARDED_AVAILABILITY = YES_AGGRESSIVE;
				CLANG_WARN_UNREACHABLE_CODE = YES;
				CLANG_WARN__DUPLICATE_METHOD_MATCH = YES;
				COPY_PHASE_STRIP = NO;
				CURRENT_PROJECT_VERSION = 1;
				DEBUG_INFORMATION_FORMAT = dwarf;
				ENABLE_STRICT_OBJC_MSGSEND = YES;
				ENABLE_TESTABILITY = YES;
				GCC_C_LANGUAGE_STANDARD = gnu11;
				GCC_DYNAMIC_NO_PIC = NO;
				GCC_NO_COMMON_BLOCKS = YES;
				GCC_OPTIMIZATION_LEVEL = 0;
				GCC_PREPROCESSOR_DEFINITIONS = (
					"$(inherited)",
					"DEBUG=1",
				);
				GCC_WARN_64_TO_32_BIT_CONVERSION = YES;
				GCC_WARN_ABOUT_RETURN_TYPE = YES_ERROR;
				GCC_WARN_UNDECLARED_SELECTOR = YES;
				GCC_WARN_UNINITIALIZED_AUTOS = YES_AGGRESSIVE;
				GCC_WARN_UNUSED_FUNCTION = YES;
				GCC_WARN_UNUSED_VARIABLE = YES;
				IPHONEOS_DEPLOYMENT_TARGET = 26.0;
				MARKETING_VERSION = 1.0.0;
				MTL_ENABLE_DEBUG_INFO = INCLUDE_SOURCE;
				MTL_FAST_MATH = YES;
				ONLY_ACTIVE_ARCH = YES;
				"OTHER_LDFLAGS[sdk=iphoneos*][arch=arm64]" = (
					"$(SRCROOT)/Vendor/Packet/ios-arm64/libphantom_client.a",
					"-lresolv",
				);
				"OTHER_LDFLAGS[sdk=iphonesimulator*][arch=arm64]" = (
					"$(SRCROOT)/Vendor/Packet/ios-sim-arm64/libphantom_client.a",
					"-lresolv",
				);
				"OTHER_LDFLAGS[sdk=iphonesimulator*][arch=x86_64]" = (
					"$(SRCROOT)/Vendor/Packet/ios-sim-x86_64/libphantom_client.a",
					"-lresolv",
				);
				PRODUCT_BUNDLE_IDENTIFIER = com.mohammadshayani.vibe.native;
				PRODUCT_NAME = Vibe;
				SDKROOT = iphoneos;
				SWIFT_ACTIVE_COMPILATION_CONDITIONS = DEBUG;
				SWIFT_OBJC_BRIDGING_HEADER = "Sources/Packet/Packet-Bridging-Header.h";
				SWIFT_OPTIMIZATION_LEVEL = "-Onone";
				SWIFT_VERSION = 5.1;
			};
			name = Debug;
		};
		641420F0664D511DD712F20B /* Release */ = {
			isa = XCBuildConfiguration;
			buildSettings = {
				ASSETCATALOG_COMPILER_APPICON_NAME = AppIcon;
				CODE_SIGN_IDENTITY = "iPhone Developer";
				DEVELOPMENT_TEAM = BXY4DH6H7D;
				INFOPLIST_FILE = App/Info.plist;
				IPHONEOS_DEPLOYMENT_TARGET = 26.0;
				LD_RUNPATH_SEARCH_PATHS = (
					"$(inherited)",
					"@executable_path/Frameworks",
				);
				SDKROOT = iphoneos;
				TARGETED_DEVICE_FAMILY = "1,2";
			};
			name = Release;
		};
		8648B7CB6CB62C77085C011C /* Release */ = {
			isa = XCBuildConfiguration;
			buildSettings = {
				ALWAYS_SEARCH_USER_PATHS = NO;
				CLANG_ANALYZER_NONNULL = YES;
				CLANG_ANALYZER_NUMBER_OBJECT_CONVERSION = YES_AGGRESSIVE;
				CLANG_CXX_LANGUAGE_STANDARD = "gnu++14";
				CLANG_CXX_LIBRARY = "libc++";
				CLANG_ENABLE_MODULES = YES;
				CLANG_ENABLE_OBJC_ARC = YES;
				CLANG_ENABLE_OBJC_WEAK = YES;
				CLANG_WARN_BLOCK_CAPTURE_AUTORELEASING = YES;
				CLANG_WARN_BOOL_CONVERSION = YES;
				CLANG_WARN_COMMA = YES;
				CLANG_WARN_CONSTANT_CONVERSION = YES;
				CLANG_WARN_DEPRECATED_OBJC_IMPLEMENTATIONS = YES;
				CLANG_WARN_DIRECT_OBJC_ISA_USAGE = YES_ERROR;
				CLANG_WARN_DOCUMENTATION_COMMENTS = YES;
				CLANG_WARN_EMPTY_BODY = YES;
				CLANG_WARN_ENUM_CONVERSION = YES;
				CLANG_WARN_INFINITE_RECURSION = YES;
				CLANG_WARN_INT_CONVERSION = YES;
				CLANG_WARN_NON_LITERAL_NULL_CONVERSION = YES;
				CLANG_WARN_OBJC_IMPLICIT_RETAIN_SELF = YES;
				CLANG_WARN_OBJC_LITERAL_CONVERSION = YES;
				CLANG_WARN_OBJC_ROOT_CLASS = YES_ERROR;
				CLANG_WARN_QUOTED_INCLUDE_IN_FRAMEWORK_HEADER = YES;
				CLANG_WARN_RANGE_LOOP_ANALYSIS = YES;
				CLANG_WARN_STRICT_PROTOTYPES = YES;
				CLANG_WARN_SUSPICIOUS_MOVE = YES;
				CLANG_WARN_UNGUARDED_AVAILABILITY = YES_AGGRESSIVE;
				CLANG_WARN_UNREACHABLE_CODE = YES;
				CLANG_WARN__DUPLICATE_METHOD_MATCH = YES;
				COPY_PHASE_STRIP = NO;
				CURRENT_PROJECT_VERSION = 1;
				DEBUG_INFORMATION_FORMAT = "dwarf-with-dsym";
				ENABLE_NS_ASSERTIONS = NO;
				ENABLE_STRICT_OBJC_MSGSEND = YES;
				GCC_C_LANGUAGE_STANDARD = gnu11;
				GCC_NO_COMMON_BLOCKS = YES;
				GCC_WARN_64_TO_32_BIT_CONVERSION = YES;
				GCC_WARN_ABOUT_RETURN_TYPE = YES_ERROR;
				GCC_WARN_UNDECLARED_SELECTOR = YES;
				GCC_WARN_UNINITIALIZED_AUTOS = YES_AGGRESSIVE;
				GCC_WARN_UNUSED_FUNCTION = YES;
				GCC_WARN_UNUSED_VARIABLE = YES;
				IPHONEOS_DEPLOYMENT_TARGET = 26.0;
				MARKETING_VERSION = 1.0.0;
				MTL_ENABLE_DEBUG_INFO = NO;
				MTL_FAST_MATH = YES;
				"OTHER_LDFLAGS[sdk=iphoneos*][arch=arm64]" = (
					"$(SRCROOT)/Vendor/Packet/ios-arm64/libphantom_client.a",
					"-lresolv",
				);
				"OTHER_LDFLAGS[sdk=iphonesimulator*][arch=arm64]" = (
					"$(SRCROOT)/Vendor/Packet/ios-sim-arm64/libphantom_client.a",
					"-lresolv",
				);
				"OTHER_LDFLAGS[sdk=iphonesimulator*][arch=x86_64]" = (
					"$(SRCROOT)/Vendor/Packet/ios-sim-x86_64/libphantom_client.a",
					"-lresolv",
				);
				PRODUCT_BUNDLE_IDENTIFIER = com.mohammadshayani.vibe.native;
				PRODUCT_NAME = Vibe;
				SDKROOT = iphoneos;
				SWIFT_COMPILATION_MODE = wholemodule;
				SWIFT_OBJC_BRIDGING_HEADER = "Sources/Packet/Packet-Bridging-Header.h";
				SWIFT_OPTIMIZATION_LEVEL = "-O";
				SWIFT_VERSION = 5.1;
			};
			name = Release;
		};
		C1618052F026D1131C526402 /* Debug */ = {
			isa = XCBuildConfiguration;
			buildSettings = {
				ASSETCATALOG_COMPILER_APPICON_NAME = AppIcon;
				CODE_SIGN_IDENTITY = "iPhone Developer";
				DEVELOPMENT_TEAM = BXY4DH6H7D;
				INFOPLIST_FILE = App/Info.plist;
				IPHONEOS_DEPLOYMENT_TARGET = 26.0;
				LD_RUNPATH_SEARCH_PATHS = (
					"$(inherited)",
					"@executable_path/Frameworks",
				);
				SDKROOT = iphoneos;
				TARGETED_DEVICE_FAMILY = "1,2";
			};
			name = Debug;
		};
/* End XCBuildConfiguration section */

/* Begin XCConfigurationList section */
		51BC96E0AAB7AE6442BF93E5 /* Build configuration list for PBXNativeTarget "Vibe" */ = {
			isa = XCConfigurationList;
			buildConfigurations = (
				C1618052F026D1131C526402 /* Debug */,
				641420F0664D511DD712F20B /* Release */,
			);
			defaultConfigurationIsVisible = 0;
			defaultConfigurationName = Debug;
		};
		786451589CA6F2DAC0B262E7 /* Build configuration list for PBXProject "Vibe" */ = {
			isa = XCConfigurationList;
			buildConfigurations = (
				38561933C04E9C5A2BF10AE8 /* Debug */,
				8648B7CB6CB62C77085C011C /* Release */,
			);
			defaultConfigurationIsVisible = 0;
			defaultConfigurationName = Debug;
		};
/* End XCConfigurationList section */
	};
	rootObject = EED2669A86F822C1EECD2A46 /* Project object */;
}
