// !$*UTF8*$!
{
	archiveVersion = 1;
	classes = {
	};
	objectVersion = 77;
	objects = {

/* Begin PBXBuildFile section */
		03785672A8EE7E946B37C3F2 /* AppNativeStoryComposerView.swift in Sources */ = {isa = PBXBuildFile; fileRef = 209A987DD4F04D34BF86BA02 /* AppNativeStoryComposerView.swift */; };
		063DAD1A754A47EE66B7BF41 /* ChatPinnedBannerView.swift in Sources */ = {isa = PBXBuildFile; fileRef = EEBB6198BAEEEE29633FC594 /* ChatPinnedBannerView.swift */; };
		090740C86EC21EC4B20788DA /* ChatHomeListModels.swift in Sources */ = {isa = PBXBuildFile; fileRef = CBB417167A12CD8F67C5EE13 /* ChatHomeListModels.swift */; };
		098D36FD542323E59B120363 /* LottieCompat.swift in Sources */ = {isa = PBXBuildFile; fileRef = 5467C6795E5CC738709C5F60 /* LottieCompat.swift */; };
		0D93898B6C3E00C686D7BF72 /* ChatProfileMediaGridRowCell.swift in Sources */ = {isa = PBXBuildFile; fileRef = A99569B73B37CD9EACA59C56 /* ChatProfileMediaGridRowCell.swift */; };
		1286509FDB5E7C5CA1CB198B /* SecureKeyStore.swift in Sources */ = {isa = PBXBuildFile; fileRef = C847DD6581E6CD2A2D167BEC /* SecureKeyStore.swift */; };
		1EA97DF15AD85BA18CDC817C /* ChatHomeCardCell.swift in Sources */ = {isa = PBXBuildFile; fileRef = 7650C36AD9B2E9A56F397226 /* ChatHomeCardCell.swift */; };
		225B44916B95562AE2745D41 /* ChatEngineStore.swift in Sources */ = {isa = PBXBuildFile; fileRef = 8B45884E90DF4893406313CF /* ChatEngineStore.swift */; };
		22D9248CEF009A90C0169CF2 /* ChatListViewModels.swift in Sources */ = {isa = PBXBuildFile; fileRef = 93023B71E9B401B6EA178A52 /* ChatListViewModels.swift */; };
		2476DE0BE56B8BD3AC608F20 /* ChatEngine.swift in Sources */ = {isa = PBXBuildFile; fileRef = 344F6DFEC0D0439896A8B564 /* ChatEngine.swift */; };
		2644B167FE52D9F1DA946E8B /* fun_potato.json in Resources */ = {isa = PBXBuildFile; fileRef = 9E1FF45D35329497ECD96553 /* fun_potato.json */; };
		2BFC94AE09D4AC88B6B56F51 /* AuthViewController.swift in Sources */ = {isa = PBXBuildFile; fileRef = AA7CDE7484C711D2F7EDEAEA /* AuthViewController.swift */; };
		2FD97810AE7091BC7AF89DE2 /* doodle_transparent.png in Resources */ = {isa = PBXBuildFile; fileRef = B2D2B86A212F47C06B90E964 /* doodle_transparent.png */; };
		352C00BCD3D8CFE8408F7200 /* ChatImageEditModule.swift in Sources */ = {isa = PBXBuildFile; fileRef = 4F972FE279A51AF4B02E8FDE /* ChatImageEditModule.swift */; };
		36ACCEB14147826EC647074C /* MusicPlayerStore.swift in Sources */ = {isa = PBXBuildFile; fileRef = 41290DFCE1E777FEBE8A2F57 /* MusicPlayerStore.swift */; };
		433414961C604815734B97CD /* ChatImageEditViewController.swift in Sources */ = {isa = PBXBuildFile; fileRef = 2E839ACF7A5EE2C0ED5271C6 /* ChatImageEditViewController.swift */; };
		45801E22164C4B81E25FACFE /* GlassMorphTransition.swift in Sources */ = {isa = PBXBuildFile; fileRef = 3199C0085E03FEC896298598 /* GlassMorphTransition.swift */; };
		46730A76D04DD66C88AEC9CD /* emoji_wink.json in Resources */ = {isa = PBXBuildFile; fileRef = A94D3BC975603A36B997C1F5 /* emoji_wink.json */; };
		469E1F6B71999C82B7F597E1 /* VibeCallStore.swift in Sources */ = {isa = PBXBuildFile; fileRef = 598820A81E18CB2FB2212BB9 /* VibeCallStore.swift */; };
		4786B53574D013A068719A5A /* PacketRuntime.swift in Sources */ = {isa = PBXBuildFile; fileRef = B038D41F0322F2B2DE42260F /* PacketRuntime.swift */; };
		49FDE2E6B1FAE0E71F386992 /* AppVectorIcons.swift in Sources */ = {isa = PBXBuildFile; fileRef = 9C563C9F812D3D45058F2062 /* AppVectorIcons.swift */; };
		4AC7CE2DA8DBE61751565FFC /* ChatListViewConstants.swift in Sources */ = {isa = PBXBuildFile; fileRef = DF9427113BB15D9D69DB6DF1 /* ChatListViewConstants.swift */; };
		4BDF48DFFFAB3DECB72AE817 /* ChatGifPanel.swift in Sources */ = {isa = PBXBuildFile; fileRef = C85329CB510F56AC55919F62 /* ChatGifPanel.swift */; };
		4CE6F54E45E3A573109E4CE0 /* emoji_test.json in Resources */ = {isa = PBXBuildFile; fileRef = 29BF9A580979DCBE269DB029 /* emoji_test.json */; };
		5551EA5C8448CC15986EF269 /* ChatTransport.swift in Sources */ = {isa = PBXBuildFile; fileRef = A2FB9239F8391F97370A3D6E /* ChatTransport.swift */; };
		55D2BB40370468CB242333E9 /* WelcomeViewController.swift in Sources */ = {isa = PBXBuildFile; fileRef = 65EA3037B88F594799DC5DE5 /* WelcomeViewController.swift */; };
		56838C5725638D46CB312436 /* InAppBrowserViewController.swift in Sources */ = {isa = PBXBuildFile; fileRef = 28B2EA4061AAD7986D0511DD /* InAppBrowserViewController.swift */; };
		575D88947922F7BA0CC224B4 /* music2_transparent.png in Resources */ = {isa = PBXBuildFile; fileRef = DA9600D4B0C72D00EB485ABC /* music2_transparent.png */; };
		58300AB7E7F83232B575C1A5 /* MusicPlayerBannerView.swift in Sources */ = {isa = PBXBuildFile; fileRef = 15E69C3AA8F9510D0C48B5B4 /* MusicPlayerBannerView.swift */; };
		613A7661100BC76ED1EBC186 /* food_transparent.png in Resources */ = {isa = PBXBuildFile; fileRef = 0D94F105956BA6DC0A7D6843 /* food_transparent.png */; };
		64C59B622685F652AAA63712 /* ChatHomeService.swift in Sources */ = {isa = PBXBuildFile; fileRef = DE295B6B9A24463008A3BDD7 /* ChatHomeService.swift */; };
		6605AF1B777E5C5175EAC7C4 /* music_transparent.png in Resources */ = {isa = PBXBuildFile; fileRef = 0FB52D6DA56B715F0ECBAA1A /* music_transparent.png */; };
		683582D9C9F84639B98D703C /* emoji_smiley.json in Resources */ = {isa = PBXBuildFile; fileRef = 2A807413F9FE37BB526E8A7F /* emoji_smiley.json */; };
		696525CD3BDEA5259BA86242 /* AppRuntimeController.swift in Sources */ = {isa = PBXBuildFile; fileRef = 72719CE25DE39CA3F5858805 /* AppRuntimeController.swift */; };
		6BC6D2607F140F8237049F8B /* ChatPacketTransport.swift in Sources */ = {isa = PBXBuildFile; fileRef = E422BC03268AFC7C9B284AC0 /* ChatPacketTransport.swift */; };
		736D59420211BFFC98A86C40 /* MusicPlayerEngine.swift in Sources */ = {isa = PBXBuildFile; fileRef = 0528A65C97D89BCD72F146B8 /* MusicPlayerEngine.swift */; };
		73EAE27B898F92B632FAA861 /* Assets.xcassets in Resources */ = {isa = PBXBuildFile; fileRef = EC3C9CB779DF9BA408AFB3A8 /* Assets.xcassets */; };
		76FCB9F74F4723621017FC0E /* SettingsView.swift in Sources */ = {isa = PBXBuildFile; fileRef = 8C445A54B65FF38D0D9CA8B2 /* SettingsView.swift */; };
		7730224BACF4052A8D8931FE /* PacketBootstrapService.swift in Sources */ = {isa = PBXBuildFile; fileRef = 5313D3693EED4E59300EF584 /* PacketBootstrapService.swift */; };
		7756E432FC0ED0FE8F1A09BA /* cat_play.json in Resources */ = {isa = PBXBuildFile; fileRef = E806310A66FFEA5416C12134 /* cat_play.json */; };
		7826D30D8760A3C5B885EAA2 /* AppNativeStoryCameraView.swift in Sources */ = {isa = PBXBuildFile; fileRef = D8D32AE451A70CCDC283801E /* AppNativeStoryCameraView.swift */; };
		7884770663F5145B34B646CD /* ChatReactionFxModule.swift in Sources */ = {isa = PBXBuildFile; fileRef = 42F14A86DDB52B50D56E8BA7 /* ChatReactionFxModule.swift */; };
		7AE21E9D3ECA9E216CC9C307 /* cat_love.json in Resources */ = {isa = PBXBuildFile; fileRef = 1640ACCAF93E667D68835742 /* cat_love.json */; };
		7B8D8AADE4D0F97437F416E1 /* ChatMainProfileHeaderHelpers.swift in Sources */ = {isa = PBXBuildFile; fileRef = F66CB476D4CD073DC1350014 /* ChatMainProfileHeaderHelpers.swift */; };
		7DBD54C454C749496B6C225D /* ChatListViewAppearance.swift in Sources */ = {isa = PBXBuildFile; fileRef = 7D0F161B27257C73C21C3411 /* ChatListViewAppearance.swift */; };
		7FA1B793D1D0678AEA1C01B3 /* emoji_lmao.json in Resources */ = {isa = PBXBuildFile; fileRef = 79F55F8277E75DE1965E50CB /* emoji_lmao.json */; };
		7FAD2045422A9269D215F37E /* fun_coffee.json in Resources */ = {isa = PBXBuildFile; fileRef = 22ABCA203450BB74CE07926D /* fun_coffee.json */; };
		7FCB24890F876DDE136566B8 /* ChatMainView.swift in Sources */ = {isa = PBXBuildFile; fileRef = DC9416405C2F877C71313CFB /* ChatMainView.swift */; };
		8467B0AB166FC2E21D5D87DB /* ChatGroupMembersViewController.swift in Sources */ = {isa = PBXBuildFile; fileRef = B44C413FF19E1D3D949021C8 /* ChatGroupMembersViewController.swift */; };
		84BA7ABD34DE47841DDDA044 /* fun_groovy.json in Resources */ = {isa = PBXBuildFile; fileRef = 20D128ADF7E155B38746E97D /* fun_groovy.json */; };
		8874C06AFC40C5217820F981 /* ChatAgentConfigViewController.swift in Sources */ = {isa = PBXBuildFile; fileRef = 17B9E2A299382764B59346F9 /* ChatAgentConfigViewController.swift */; };
		8B0312E21AA3297A5E4981DF /* ChatContextMenuOverlay.swift in Sources */ = {isa = PBXBuildFile; fileRef = 5FA3819EB92760B48412B40E /* ChatContextMenuOverlay.swift */; };
		8B25574C1AF83D878233E9F7 /* ChatProfileMainView.swift in Sources */ = {isa = PBXBuildFile; fileRef = 82D5A93F36475FAE371079BF /* ChatProfileMainView.swift */; };
		92AA783A41AF5F3C7179AB2E /* ChatVideoEditModule.swift in Sources */ = {isa = PBXBuildFile; fileRef = 442580188ADA2A3D9C1F6346 /* ChatVideoEditModule.swift */; };
		92ADFFC352BD5D545661C794 /* VibeCallManager.swift in Sources */ = {isa = PBXBuildFile; fileRef = C981873502637604560CBA24 /* VibeCallManager.swift */; };
		95DFC4F408571544EEDF1779 /* ChatListViewTransition.swift in Sources */ = {isa = PBXBuildFile; fileRef = 41D7520B4DA2B8603F89E029 /* ChatListViewTransition.swift */; };
		95F269DFCEEA8D79FBEDE4D4 /* VibeCallEngine.swift in Sources */ = {isa = PBXBuildFile; fileRef = CDAA7450F228B7F2FF91C931 /* VibeCallEngine.swift */; };
		9699723DB4851556C614BB55 /* PacketModels.swift in Sources */ = {isa = PBXBuildFile; fileRef = 105F417B0F0E94309D44BABA /* PacketModels.swift */; };
		97BC3CE94386EA9EBD84B66F /* ChatAgentMessagesView.swift in Sources */ = {isa = PBXBuildFile; fileRef = 6C381C383FBC5EEB2C4C9037 /* ChatAgentMessagesView.swift */; };
		9C1AC14728CB73DB35265073 /* ChatBlackoutTransport.swift in Sources */ = {isa = PBXBuildFile; fileRef = EA8C3E9F24AB4E8CF179CBC5 /* ChatBlackoutTransport.swift */; };
		9CA0936827918AE53C010A72 /* fun_orange.json in Resources */ = {isa = PBXBuildFile; fileRef = 783ECEDCAE9458C3230FE0A0 /* fun_orange.json */; };
		A3E92C2504EFE92139D6FE33 /* MetalKeyMaskView.swift in Sources */ = {isa = PBXBuildFile; fileRef = 4F24580E3BF8D099E93E2414 /* MetalKeyMaskView.swift */; };
		A5125BE9F5DF66AC74B8FB10 /* ChatMainProfileContentNodes.swift in Sources */ = {isa = PBXBuildFile; fileRef = 6DC16714FB24740618191CC8 /* ChatMainProfileContentNodes.swift */; };
		AA81ECC978071DA754A17B4F /* cat_loader.json in Resources */ = {isa = PBXBuildFile; fileRef = FF1C3ED62BF71EDEFC8C3B63 /* cat_loader.json */; };
		AFCFC1BFE0BFBEF5343D1EBB /* ChatListView+Interactions.swift in Sources */ = {isa = PBXBuildFile; fileRef = D7BB32A09BAAE22CC20E4E46 /* ChatListView+Interactions.swift */; };
		B134B18AA4006ACA5E6353D5 /* ChatStickerPackStore.swift in Sources */ = {isa = PBXBuildFile; fileRef = 754FDF87BD57F34960C18C23 /* ChatStickerPackStore.swift */; };
		B26B9691EDE7A588485E61FF /* ChatAttachmentMenuController.swift in Sources */ = {isa = PBXBuildFile; fileRef = A45DF26139DA115643B0E3A7 /* ChatAttachmentMenuController.swift */; };
		B2E42427ABEBD1C55906B1EC /* ChatAgentStreamingText.swift in Sources */ = {isa = PBXBuildFile; fileRef = 6B1B99C8087EE655D4CF1094 /* ChatAgentStreamingText.swift */; };
		B5AEAE61FB1DE6257AB3326B /* ChatMainProfileActionNode.swift in Sources */ = {isa = PBXBuildFile; fileRef = 4A3A1CDF7DBF700016F18E53 /* ChatMainProfileActionNode.swift */; };
		B5D75AEF8EF085A4956C7185 /* ChatBuilderSetupPanel.swift in Sources */ = {isa = PBXBuildFile; fileRef = 346DF3FCFBC4CDEC17A890EB /* ChatBuilderSetupPanel.swift */; };
		C026A1AD9FF0219C6EC9011F /* AppRootView.swift in Sources */ = {isa = PBXBuildFile; fileRef = 63AB2BA5F0D14231A16909E1 /* AppRootView.swift */; };
		C1EDAA12E7A7F7E2CF9D11E6 /* MusicPlayerModalView.swift in Sources */ = {isa = PBXBuildFile; fileRef = 59C2EEC77B1AC286484839CC /* MusicPlayerModalView.swift */; };
		C6389EFB3A26025807BB829E /* AppDelegate.swift in Sources */ = {isa = PBXBuildFile; fileRef = C849E2FC04325A33DBD9A9D5 /* AppDelegate.swift */; };
		C8058003AE857CA92AD6D1AF /* TelegramSendMorphProfile.swift in Sources */ = {isa = PBXBuildFile; fileRef = 9E8CD913AF073565CD677369 /* TelegramSendMorphProfile.swift */; };
		C91B78CD343D4B647B1311C4 /* ChatListView.swift in Sources */ = {isa = PBXBuildFile; fileRef = 2B319B578FC6EF4C15E451BC /* ChatListView.swift */; };
		CC88AAD1B2914B80BC2A1053 /* ChatVideoEditViewController.swift in Sources */ = {isa = PBXBuildFile; fileRef = BEEE61510F6D03851DBE2104 /* ChatVideoEditViewController.swift */; };
		CED87D9F1FEE6E5CEBCA9A65 /* SettingsNativeComponents.swift in Sources */ = {isa = PBXBuildFile; fileRef = D9FD7201BB6BE30C5C3D5827 /* SettingsNativeComponents.swift */; };
		D43BFE32BF17C20D69236718 /* logo.PNG in Resources */ = {isa = PBXBuildFile; fileRef = E6E62CB906FA9E727D74B905 /* logo.PNG */; };
		D4EFE23D6777302C0BE2225A /* ChatAgentConfigPanel.swift in Sources */ = {isa = PBXBuildFile; fileRef = 5CF15311A6AF8A24F5B4A1FA /* ChatAgentConfigPanel.swift */; };
		D577876741A5C609C52D6F85 /* animals_transparent.png in Resources */ = {isa = PBXBuildFile; fileRef = 8FE229CCCCACC43B1D3426A2 /* animals_transparent.png */; };
		D615AA9C6418E0DF034F350D /* ChatHomeUndoBannerView.swift in Sources */ = {isa = PBXBuildFile; fileRef = D32E4E831DD2A0B3CAEF1A82 /* ChatHomeUndoBannerView.swift */; };
		DBCEB55CFEDCDF1043CAFB1B /* ChatStickerPackPanel.swift in Sources */ = {isa = PBXBuildFile; fileRef = 5A44B8099AB523A594ACF23D /* ChatStickerPackPanel.swift */; };
		DBEDD11EA19CBB1755CD6083 /* AppSessionConfig.swift in Sources */ = {isa = PBXBuildFile; fileRef = 30C7C11C298B1C883985B199 /* AppSessionConfig.swift */; };
		EF36D9AD6CCAFF9D05275D75 /* ChatPhoenixClient.swift in Sources */ = {isa = PBXBuildFile; fileRef = 8A3274C41352303E88CDECAF /* ChatPhoenixClient.swift */; };
		F1B70FB8A309F1E21B77D0E6 /* ChatHomeViewController.swift in Sources */ = {isa = PBXBuildFile; fileRef = 65D6DA373DCCA10C201041BF /* ChatHomeViewController.swift */; };
		F4FB294062886DC2A6857E37 /* ChatInputBar.swift in Sources */ = {isa = PBXBuildFile; fileRef = 7DB1134FC0E12BBDE31E6C9C /* ChatInputBar.swift */; };
		F732D3571DFC17C3E89781CB /* ChatListViewCells.swift in Sources */ = {isa = PBXBuildFile; fileRef = DC5C38FF314BA460FCB24BD4 /* ChatListViewCells.swift */; };
		FB3922E07C174C1D36DF414D /* ChatNewChatViewController.swift in Sources */ = {isa = PBXBuildFile; fileRef = 871D5E008799D63F70DDB6BD /* ChatNewChatViewController.swift */; };
/* End PBXBuildFile section */

/* Begin PBXFileReference section */
		0528A65C97D89BCD72F146B8 /* MusicPlayerEngine.swift */ = {isa = PBXFileReference; lastKnownFileType = sourcecode.swift; path = MusicPlayerEngine.swift; sourceTree = "<group>"; };
		0D94F105956BA6DC0A7D6843 /* food_transparent.png */ = {isa = PBXFileReference; lastKnownFileType = image.png; path = food_transparent.png; sourceTree = "<group>"; };
		0FB52D6DA56B715F0ECBAA1A /* music_transparent.png */ = {isa = PBXFileReference; lastKnownFileType = image.png; path = music_transparent.png; sourceTree = "<group>"; };
		105F417B0F0E94309D44BABA /* PacketModels.swift */ = {isa = PBXFileReference; lastKnownFileType = sourcecode.swift; path = PacketModels.swift; sourceTree = "<group>"; };
		15E69C3AA8F9510D0C48B5B4 /* MusicPlayerBannerView.swift */ = {isa = PBXFileReference; lastKnownFileType = sourcecode.swift; path = MusicPlayerBannerView.swift; sourceTree = "<group>"; };
		1640ACCAF93E667D68835742 /* cat_love.json */ = {isa = PBXFileReference; lastKnownFileType = text.json; path = cat_love.json; sourceTree = "<group>"; };
		17B9E2A299382764B59346F9 /* ChatAgentConfigViewController.swift */ = {isa = PBXFileReference; lastKnownFileType = sourcecode.swift; path = ChatAgentConfigViewController.swift; sourceTree = "<group>"; };
		1E631A9B333888CF20B307A9 /* Info.plist */ = {isa = PBXFileReference; lastKnownFileType = text.plist; path = Info.plist; sourceTree = "<group>"; };
		209A987DD4F04D34BF86BA02 /* AppNativeStoryComposerView.swift */ = {isa = PBXFileReference; lastKnownFileType = sourcecode.swift; path = AppNativeStoryComposerView.swift; sourceTree = "<group>"; };
		20D128ADF7E155B38746E97D /* fun_groovy.json */ = {isa = PBXFileReference; lastKnownFileType = text.json; path = fun_groovy.json; sourceTree = "<group>"; };
		22ABCA203450BB74CE07926D /* fun_coffee.json */ = {isa = PBXFileReference; lastKnownFileType = text.json; path = fun_coffee.json; sourceTree = "<group>"; };
		28B2EA4061AAD7986D0511DD /* InAppBrowserViewController.swift */ = {isa = PBXFileReference; lastKnownFileType = sourcecode.swift; path = InAppBrowserViewController.swift; sourceTree = "<group>"; };
		29BF9A580979DCBE269DB029 /* emoji_test.json */ = {isa = PBXFileReference; lastKnownFileType = text.json; path = emoji_test.json; sourceTree = "<group>"; };
		2A807413F9FE37BB526E8A7F /* emoji_smiley.json */ = {isa = PBXFileReference; lastKnownFileType = text.json; path = emoji_smiley.json; sourceTree = "<group>"; };
		2B319B578FC6EF4C15E451BC /* ChatListView.swift */ = {isa = PBXFileReference; lastKnownFileType = sourcecode.swift; path = ChatListView.swift; sourceTree = "<group>"; };
		2E839ACF7A5EE2C0ED5271C6 /* ChatImageEditViewController.swift */ = {isa = PBXFileReference; lastKnownFileType = sourcecode.swift; path = ChatImageEditViewController.swift; sourceTree = "<group>"; };
		30C7C11C298B1C883985B199 /* AppSessionConfig.swift */ = {isa = PBXFileReference; lastKnownFileType = sourcecode.swift; path = AppSessionConfig.swift; sourceTree = "<group>"; };
		3199C0085E03FEC896298598 /* GlassMorphTransition.swift */ = {isa = PBXFileReference; lastKnownFileType = sourcecode.swift; path = GlassMorphTransition.swift; sourceTree = "<group>"; };
		344F6DFEC0D0439896A8B564 /* ChatEngine.swift */ = {isa = PBXFileReference; lastKnownFileType = sourcecode.swift; path = ChatEngine.swift; sourceTree = "<group>"; };
		346DF3FCFBC4CDEC17A890EB /* ChatBuilderSetupPanel.swift */ = {isa = PBXFileReference; lastKnownFileType = sourcecode.swift; path = ChatBuilderSetupPanel.swift; sourceTree = "<group>"; };
		41290DFCE1E777FEBE8A2F57 /* MusicPlayerStore.swift */ = {isa = PBXFileReference; lastKnownFileType = sourcecode.swift; path = MusicPlayerStore.swift; sourceTree = "<group>"; };
		41D7520B4DA2B8603F89E029 /* ChatListViewTransition.swift */ = {isa = PBXFileReference; lastKnownFileType = sourcecode.swift; path = ChatListViewTransition.swift; sourceTree = "<group>"; };
		42F14A86DDB52B50D56E8BA7 /* ChatReactionFxModule.swift */ = {isa = PBXFileReference; lastKnownFileType = sourcecode.swift; path = ChatReactionFxModule.swift; sourceTree = "<group>"; };
		442580188ADA2A3D9C1F6346 /* ChatVideoEditModule.swift */ = {isa = PBXFileReference; lastKnownFileType = sourcecode.swift; path = ChatVideoEditModule.swift; sourceTree = "<group>"; };
		4589748480CA580517B41F11 /* Packet-Bridging-Header.h */ = {isa = PBXFileReference; lastKnownFileType = sourcecode.c.h; path = "Packet-Bridging-Header.h"; sourceTree = "<group>"; };
		4A3A1CDF7DBF700016F18E53 /* ChatMainProfileActionNode.swift */ = {isa = PBXFileReference; lastKnownFileType = sourcecode.swift; path = ChatMainProfileActionNode.swift; sourceTree = "<group>"; };
		4F24580E3BF8D099E93E2414 /* MetalKeyMaskView.swift */ = {isa = PBXFileReference; lastKnownFileType = sourcecode.swift; path = MetalKeyMaskView.swift; sourceTree = "<group>"; };
		4F972FE279A51AF4B02E8FDE /* ChatImageEditModule.swift */ = {isa = PBXFileReference; lastKnownFileType = sourcecode.swift; path = ChatImageEditModule.swift; sourceTree = "<group>"; };
		5313D3693EED4E59300EF584 /* PacketBootstrapService.swift */ = {isa = PBXFileReference; lastKnownFileType = sourcecode.swift; path = PacketBootstrapService.swift; sourceTree = "<group>"; };
		5467C6795E5CC738709C5F60 /* LottieCompat.swift */ = {isa = PBXFileReference; lastKnownFileType = sourcecode.swift; path = LottieCompat.swift; sourceTree = "<group>"; };
		598820A81E18CB2FB2212BB9 /* VibeCallStore.swift */ = {isa = PBXFileReference; lastKnownFileType = sourcecode.swift; path = VibeCallStore.swift; sourceTree = "<group>"; };
		59C2EEC77B1AC286484839CC /* MusicPlayerModalView.swift */ = {isa = PBXFileReference; lastKnownFileType = sourcecode.swift; path = MusicPlayerModalView.swift; sourceTree = "<group>"; };
		5A44B8099AB523A594ACF23D /* ChatStickerPackPanel.swift */ = {isa = PBXFileReference; lastKnownFileType = sourcecode.swift; path = ChatStickerPackPanel.swift; sourceTree = "<group>"; };
		5CF15311A6AF8A24F5B4A1FA /* ChatAgentConfigPanel.swift */ = {isa = PBXFileReference; lastKnownFileType = sourcecode.swift; path = ChatAgentConfigPanel.swift; sourceTree = "<group>"; };
		5FA3819EB92760B48412B40E /* ChatContextMenuOverlay.swift */ = {isa = PBXFileReference; lastKnownFileType = sourcecode.swift; path = ChatContextMenuOverlay.swift; sourceTree = "<group>"; };
		63AB2BA5F0D14231A16909E1 /* AppRootView.swift */ = {isa = PBXFileReference; lastKnownFileType = sourcecode.swift; path = AppRootView.swift; sourceTree = "<group>"; };
		65D6DA373DCCA10C201041BF /* ChatHomeViewController.swift */ = {isa = PBXFileReference; lastKnownFileType = sourcecode.swift; path = ChatHomeViewController.swift; sourceTree = "<group>"; };
		65EA3037B88F594799DC5DE5 /* WelcomeViewController.swift */ = {isa = PBXFileReference; lastKnownFileType = sourcecode.swift; path = WelcomeViewController.swift; sourceTree = "<group>"; };
		6B1B99C8087EE655D4CF1094 /* ChatAgentStreamingText.swift */ = {isa = PBXFileReference; lastKnownFileType = sourcecode.swift; path = ChatAgentStreamingText.swift; sourceTree = "<group>"; };
		6C381C383FBC5EEB2C4C9037 /* ChatAgentMessagesView.swift */ = {isa = PBXFileReference; lastKnownFileType = sourcecode.swift; path = ChatAgentMessagesView.swift; sourceTree = "<group>"; };
		6DC16714FB24740618191CC8 /* ChatMainProfileContentNodes.swift */ = {isa = PBXFileReference; lastKnownFileType = sourcecode.swift; path = ChatMainProfileContentNodes.swift; sourceTree = "<group>"; };
		72719CE25DE39CA3F5858805 /* AppRuntimeController.swift */ = {isa = PBXFileReference; lastKnownFileType = sourcecode.swift; path = AppRuntimeController.swift; sourceTree = "<group>"; };
		754FDF87BD57F34960C18C23 /* ChatStickerPackStore.swift */ = {isa = PBXFileReference; lastKnownFileType = sourcecode.swift; path = ChatStickerPackStore.swift; sourceTree = "<group>"; };
		7650C36AD9B2E9A56F397226 /* ChatHomeCardCell.swift */ = {isa = PBXFileReference; lastKnownFileType = sourcecode.swift; path = ChatHomeCardCell.swift; sourceTree = "<group>"; };
		783ECEDCAE9458C3230FE0A0 /* fun_orange.json */ = {isa = PBXFileReference; lastKnownFileType = text.json; path = fun_orange.json; sourceTree = "<group>"; };
		79F55F8277E75DE1965E50CB /* emoji_lmao.json */ = {isa = PBXFileReference; lastKnownFileType = text.json; path = emoji_lmao.json; sourceTree = "<group>"; };
		7D0F161B27257C73C21C3411 /* ChatListViewAppearance.swift */ = {isa = PBXFileReference; lastKnownFileType = sourcecode.swift; path = ChatListViewAppearance.swift; sourceTree = "<group>"; };
		7DB1134FC0E12BBDE31E6C9C /* ChatInputBar.swift */ = {isa = PBXFileReference; lastKnownFileType = sourcecode.swift; path = ChatInputBar.swift; sourceTree = "<group>"; };
		82D5A93F36475FAE371079BF /* ChatProfileMainView.swift */ = {isa = PBXFileReference; lastKnownFileType = sourcecode.swift; path = ChatProfileMainView.swift; sourceTree = "<group>"; };
		871D5E008799D63F70DDB6BD /* ChatNewChatViewController.swift */ = {isa = PBXFileReference; lastKnownFileType = sourcecode.swift; path = ChatNewChatViewController.swift; sourceTree = "<group>"; };
		8A3274C41352303E88CDECAF /* ChatPhoenixClient.swift */ = {isa = PBXFileReference; lastKnownFileType = sourcecode.swift; path = ChatPhoenixClient.swift; sourceTree = "<group>"; };
		8B45884E90DF4893406313CF /* ChatEngineStore.swift */ = {isa = PBXFileReference; lastKnownFileType = sourcecode.swift; path = ChatEngineStore.swift; sourceTree = "<group>"; };
		8C445A54B65FF38D0D9CA8B2 /* SettingsView.swift */ = {isa = PBXFileReference; lastKnownFileType = sourcecode.swift; path = SettingsView.swift; sourceTree = "<group>"; };
		8DB8DC56085482FCD2C13CA8 /* Vibe.app */ = {isa = PBXFileReference; includeInIndex = 0; lastKnownFileType = wrapper.application; path = Vibe.app; sourceTree = BUILT_PRODUCTS_DIR; };
		8FE229CCCCACC43B1D3426A2 /* animals_transparent.png */ = {isa = PBXFileReference; lastKnownFileType = image.png; path = animals_transparent.png; sourceTree = "<group>"; };
		93023B71E9B401B6EA178A52 /* ChatListViewModels.swift */ = {isa = PBXFileReference; lastKnownFileType = sourcecode.swift; path = ChatListViewModels.swift; sourceTree = "<group>"; };
		9C563C9F812D3D45058F2062 /* AppVectorIcons.swift */ = {isa = PBXFileReference; lastKnownFileType = sourcecode.swift; path = AppVectorIcons.swift; sourceTree = "<group>"; };
		9E1FF45D35329497ECD96553 /* fun_potato.json */ = {isa = PBXFileReference; lastKnownFileType = text.json; path = fun_potato.json; sourceTree = "<group>"; };
		9E8CD913AF073565CD677369 /* TelegramSendMorphProfile.swift */ = {isa = PBXFileReference; lastKnownFileType = sourcecode.swift; path = TelegramSendMorphProfile.swift; sourceTree = "<group>"; };
		A2FB9239F8391F97370A3D6E /* ChatTransport.swift */ = {isa = PBXFileReference; lastKnownFileType = sourcecode.swift; path = ChatTransport.swift; sourceTree = "<group>"; };
		A45DF26139DA115643B0E3A7 /* ChatAttachmentMenuController.swift */ = {isa = PBXFileReference; lastKnownFileType = sourcecode.swift; path = ChatAttachmentMenuController.swift; sourceTree = "<group>"; };
		A94D3BC975603A36B997C1F5 /* emoji_wink.json */ = {isa = PBXFileReference; lastKnownFileType = text.json; path = emoji_wink.json; sourceTree = "<group>"; };
		A99569B73B37CD9EACA59C56 /* ChatProfileMediaGridRowCell.swift */ = {isa = PBXFileReference; lastKnownFileType = sourcecode.swift; path = ChatProfileMediaGridRowCell.swift; sourceTree = "<group>"; };
		AA7CDE7484C711D2F7EDEAEA /* AuthViewController.swift */ = {isa = PBXFileReference; lastKnownFileType = sourcecode.swift; path = AuthViewController.swift; sourceTree = "<group>"; };
		B038D41F0322F2B2DE42260F /* PacketRuntime.swift */ = {isa = PBXFileReference; lastKnownFileType = sourcecode.swift; path = PacketRuntime.swift; sourceTree = "<group>"; };
		B2D2B86A212F47C06B90E964 /* doodle_transparent.png */ = {isa = PBXFileReference; lastKnownFileType = image.png; path = doodle_transparent.png; sourceTree = "<group>"; };
		B44C413FF19E1D3D949021C8 /* ChatGroupMembersViewController.swift */ = {isa = PBXFileReference; lastKnownFileType = sourcecode.swift; path = ChatGroupMembersViewController.swift; sourceTree = "<group>"; };
		BEEE61510F6D03851DBE2104 /* ChatVideoEditViewController.swift */ = {isa = PBXFileReference; lastKnownFileType = sourcecode.swift; path = ChatVideoEditViewController.swift; sourceTree = "<group>"; };
		C847DD6581E6CD2A2D167BEC /* SecureKeyStore.swift */ = {isa = PBXFileReference; lastKnownFileType = sourcecode.swift; path = SecureKeyStore.swift; sourceTree = "<group>"; };
		C849E2FC04325A33DBD9A9D5 /* AppDelegate.swift */ = {isa = PBXFileReference; lastKnownFileType = sourcecode.swift; path = AppDelegate.swift; sourceTree = "<group>"; };
		C85329CB510F56AC55919F62 /* ChatGifPanel.swift */ = {isa = PBXFileReference; lastKnownFileType = sourcecode.swift; path = ChatGifPanel.swift; sourceTree = "<group>"; };
		C981873502637604560CBA24 /* VibeCallManager.swift */ = {isa = PBXFileReference; lastKnownFileType = sourcecode.swift; path = VibeCallManager.swift; sourceTree = "<group>"; };
		CBB417167A12CD8F67C5EE13 /* ChatHomeListModels.swift */ = {isa = PBXFileReference; lastKnownFileType = sourcecode.swift; path = ChatHomeListModels.swift; sourceTree = "<group>"; };
		CDAA7450F228B7F2FF91C931 /* VibeCallEngine.swift */ = {isa = PBXFileReference; lastKnownFileType = sourcecode.swift; path = VibeCallEngine.swift; sourceTree = "<group>"; };
		D32E4E831DD2A0B3CAEF1A82 /* ChatHomeUndoBannerView.swift */ = {isa = PBXFileReference; lastKnownFileType = sourcecode.swift; path = ChatHomeUndoBannerView.swift; sourceTree = "<group>"; };
		D7BB32A09BAAE22CC20E4E46 /* ChatListView+Interactions.swift */ = {isa = PBXFileReference; lastKnownFileType = sourcecode.swift; path = "ChatListView+Interactions.swift"; sourceTree = "<group>"; };
		D8D32AE451A70CCDC283801E /* AppNativeStoryCameraView.swift */ = {isa = PBXFileReference; lastKnownFileType = sourcecode.swift; path = AppNativeStoryCameraView.swift; sourceTree = "<group>"; };
		D9FD7201BB6BE30C5C3D5827 /* SettingsNativeComponents.swift */ = {isa = PBXFileReference; lastKnownFileType = sourcecode.swift; path = SettingsNativeComponents.swift; sourceTree = "<group>"; };
		DA9600D4B0C72D00EB485ABC /* music2_transparent.png */ = {isa = PBXFileReference; lastKnownFileType = image.png; path = music2_transparent.png; sourceTree = "<group>"; };
		DC5C38FF314BA460FCB24BD4 /* ChatListViewCells.swift */ = {isa = PBXFileReference; lastKnownFileType = sourcecode.swift; path = ChatListViewCells.swift; sourceTree = "<group>"; };
		DC9416405C2F877C71313CFB /* ChatMainView.swift */ = {isa = PBXFileReference; lastKnownFileType = sourcecode.swift; path = ChatMainView.swift; sourceTree = "<group>"; };
		DE295B6B9A24463008A3BDD7 /* ChatHomeService.swift */ = {isa = PBXFileReference; lastKnownFileType = sourcecode.swift; path = ChatHomeService.swift; sourceTree = "<group>"; };
		DF9427113BB15D9D69DB6DF1 /* ChatListViewConstants.swift */ = {isa = PBXFileReference; lastKnownFileType = sourcecode.swift; path = ChatListViewConstants.swift; sourceTree = "<group>"; };
		E422BC03268AFC7C9B284AC0 /* ChatPacketTransport.swift */ = {isa = PBXFileReference; lastKnownFileType = sourcecode.swift; path = ChatPacketTransport.swift; sourceTree = "<group>"; };
		E6E62CB906FA9E727D74B905 /* logo.PNG */ = {isa = PBXFileReference; path = logo.PNG; sourceTree = "<group>"; };
		E806310A66FFEA5416C12134 /* cat_play.json */ = {isa = PBXFileReference; lastKnownFileType = text.json; path = cat_play.json; sourceTree = "<group>"; };
		EA8C3E9F24AB4E8CF179CBC5 /* ChatBlackoutTransport.swift */ = {isa = PBXFileReference; lastKnownFileType = sourcecode.swift; path = ChatBlackoutTransport.swift; sourceTree = "<group>"; };
		EC3C9CB779DF9BA408AFB3A8 /* Assets.xcassets */ = {isa = PBXFileReference; lastKnownFileType = folder.assetcatalog; path = Assets.xcassets; sourceTree = "<group>"; };
		EEBB6198BAEEEE29633FC594 /* ChatPinnedBannerView.swift */ = {isa = PBXFileReference; lastKnownFileType = sourcecode.swift; path = ChatPinnedBannerView.swift; sourceTree = "<group>"; };
		F66CB476D4CD073DC1350014 /* ChatMainProfileHeaderHelpers.swift */ = {isa = PBXFileReference; lastKnownFileType = sourcecode.swift; path = ChatMainProfileHeaderHelpers.swift; sourceTree = "<group>"; };
		FF1C3ED62BF71EDEFC8C3B63 /* cat_loader.json */ = {isa = PBXFileReference; lastKnownFileType = text.json; path = cat_loader.json; sourceTree = "<group>"; };
/* End PBXFileReference section */

/* Begin PBXGroup section */
		18D62045E8840B67F88B915A /* Storage */ = {
			isa = PBXGroup;
			children = (
				8B45884E90DF4893406313CF /* ChatEngineStore.swift */,
				C847DD6581E6CD2A2D167BEC /* SecureKeyStore.swift */,
			);
			path = Storage;
			sourceTree = "<group>";
		};
		1ACEC04B93CA056BCE2B6963 /* emoji */ = {
			isa = PBXGroup;
			children = (
				79F55F8277E75DE1965E50CB /* emoji_lmao.json */,
				2A807413F9FE37BB526E8A7F /* emoji_smiley.json */,
				29BF9A580979DCBE269DB029 /* emoji_test.json */,
				A94D3BC975603A36B997C1F5 /* emoji_wink.json */,
			);
			path = emoji;
			sourceTree = "<group>";
		};
		201B1A87DBFD2B708E16A3A0 /* fun */ = {
			isa = PBXGroup;
			children = (
				22ABCA203450BB74CE07926D /* fun_coffee.json */,
				20D128ADF7E155B38746E97D /* fun_groovy.json */,
				783ECEDCAE9458C3230FE0A0 /* fun_orange.json */,
				9E1FF45D35329497ECD96553 /* fun_potato.json */,
			);
			path = fun;
			sourceTree = "<group>";
		};
		23CD2D1AC6BE0930014ED444 /* Packet */ = {
			isa = PBXGroup;
			children = (
				4589748480CA580517B41F11 /* Packet-Bridging-Header.h */,
				5313D3693EED4E59300EF584 /* PacketBootstrapService.swift */,
				105F417B0F0E94309D44BABA /* PacketModels.swift */,
				B038D41F0322F2B2DE42260F /* PacketRuntime.swift */,
			);
			path = Packet;
			sourceTree = "<group>";
		};
		2BC3B52EEDA7A3851A526011 /* Home */ = {
			isa = PBXGroup;
			children = (
				7650C36AD9B2E9A56F397226 /* ChatHomeCardCell.swift */,
				CBB417167A12CD8F67C5EE13 /* ChatHomeListModels.swift */,
				DE295B6B9A24463008A3BDD7 /* ChatHomeService.swift */,
				D32E4E831DD2A0B3CAEF1A82 /* ChatHomeUndoBannerView.swift */,
				65D6DA373DCCA10C201041BF /* ChatHomeViewController.swift */,
			);
			path = Home;
			sourceTree = "<group>";
		};
		36C47034649B944C27853618 /* Products */ = {
			isa = PBXGroup;
			children = (
				8DB8DC56085482FCD2C13CA8 /* Vibe.app */,
			);
			name = Products;
			sourceTree = "<group>";
		};
		41B8E47C2976513AB2C10C81 /* App */ = {
			isa = PBXGroup;
			children = (
				C849E2FC04325A33DBD9A9D5 /* AppDelegate.swift */,
				EC3C9CB779DF9BA408AFB3A8 /* Assets.xcassets */,
				1E631A9B333888CF20B307A9 /* Info.plist */,
				E6E62CB906FA9E727D74B905 /* logo.PNG */,
			);
			path = App;
			sourceTree = "<group>";
		};
		7260F98D9294A438FBC151ED /* App */ = {
			isa = PBXGroup;
			children = (
				D8D32AE451A70CCDC283801E /* AppNativeStoryCameraView.swift */,
				209A987DD4F04D34BF86BA02 /* AppNativeStoryComposerView.swift */,
				63AB2BA5F0D14231A16909E1 /* AppRootView.swift */,
				72719CE25DE39CA3F5858805 /* AppRuntimeController.swift */,
				30C7C11C298B1C883985B199 /* AppSessionConfig.swift */,
				9C563C9F812D3D45058F2062 /* AppVectorIcons.swift */,
				AA7CDE7484C711D2F7EDEAEA /* AuthViewController.swift */,
				4F24580E3BF8D099E93E2414 /* MetalKeyMaskView.swift */,
				D9FD7201BB6BE30C5C3D5827 /* SettingsNativeComponents.swift */,
				8C445A54B65FF38D0D9CA8B2 /* SettingsView.swift */,
				65EA3037B88F594799DC5DE5 /* WelcomeViewController.swift */,
			);
			path = App;
			sourceTree = "<group>";
		};
		8EB245C2A1A08314BEDD6CF3 /* Sources */ = {
			isa = PBXGroup;
			children = (
				7260F98D9294A438FBC151ED /* App */,
				2BC3B52EEDA7A3851A526011 /* Home */,
				23CD2D1AC6BE0930014ED444 /* Packet */,
				18D62045E8840B67F88B915A /* Storage */,
			);
			path = Sources;
			sourceTree = "<group>";
		};
		8EB66FEF77B23671D464D786 /* Resources */ = {
			isa = PBXGroup;
			children = (
				8FE229CCCCACC43B1D3426A2 /* animals_transparent.png */,
				B2D2B86A212F47C06B90E964 /* doodle_transparent.png */,
				0D94F105956BA6DC0A7D6843 /* food_transparent.png */,
				0FB52D6DA56B715F0ECBAA1A /* music_transparent.png */,
				DA9600D4B0C72D00EB485ABC /* music2_transparent.png */,
				A53C0D99AAC9D652169F9F84 /* StickerPacks */,
			);
			path = Resources;
			sourceTree = "<group>";
		};
		A53C0D99AAC9D652169F9F84 /* StickerPacks */ = {
			isa = PBXGroup;
			children = (
				F858ED94099CD4D25677D3B6 /* cats */,
				1ACEC04B93CA056BCE2B6963 /* emoji */,
				201B1A87DBFD2B708E16A3A0 /* fun */,
			);
			path = StickerPacks;
			sourceTree = "<group>";
		};
		AFAA63D61E24764442D91192 = {
			isa = PBXGroup;
			children = (
				41B8E47C2976513AB2C10C81 /* App */,
				B5A9DBA139EFF89703D091F9 /* ChatModule */,
				8EB245C2A1A08314BEDD6CF3 /* Sources */,
				36C47034649B944C27853618 /* Products */,
			);
			sourceTree = "<group>";
		};
		B5A9DBA139EFF89703D091F9 /* ChatModule */ = {
			isa = PBXGroup;
			children = (
				5CF15311A6AF8A24F5B4A1FA /* ChatAgentConfigPanel.swift */,
				17B9E2A299382764B59346F9 /* ChatAgentConfigViewController.swift */,
				6C381C383FBC5EEB2C4C9037 /* ChatAgentMessagesView.swift */,
				6B1B99C8087EE655D4CF1094 /* ChatAgentStreamingText.swift */,
				A45DF26139DA115643B0E3A7 /* ChatAttachmentMenuController.swift */,
				EA8C3E9F24AB4E8CF179CBC5 /* ChatBlackoutTransport.swift */,
				346DF3FCFBC4CDEC17A890EB /* ChatBuilderSetupPanel.swift */,
				5FA3819EB92760B48412B40E /* ChatContextMenuOverlay.swift */,
				344F6DFEC0D0439896A8B564 /* ChatEngine.swift */,
				C85329CB510F56AC55919F62 /* ChatGifPanel.swift */,
				B44C413FF19E1D3D949021C8 /* ChatGroupMembersViewController.swift */,
				4F972FE279A51AF4B02E8FDE /* ChatImageEditModule.swift */,
				2E839ACF7A5EE2C0ED5271C6 /* ChatImageEditViewController.swift */,
				7DB1134FC0E12BBDE31E6C9C /* ChatInputBar.swift */,
				2B319B578FC6EF4C15E451BC /* ChatListView.swift */,
				D7BB32A09BAAE22CC20E4E46 /* ChatListView+Interactions.swift */,
				7D0F161B27257C73C21C3411 /* ChatListViewAppearance.swift */,
				DC5C38FF314BA460FCB24BD4 /* ChatListViewCells.swift */,
				DF9427113BB15D9D69DB6DF1 /* ChatListViewConstants.swift */,
				93023B71E9B401B6EA178A52 /* ChatListViewModels.swift */,
				41D7520B4DA2B8603F89E029 /* ChatListViewTransition.swift */,
				4A3A1CDF7DBF700016F18E53 /* ChatMainProfileActionNode.swift */,
				6DC16714FB24740618191CC8 /* ChatMainProfileContentNodes.swift */,
				F66CB476D4CD073DC1350014 /* ChatMainProfileHeaderHelpers.swift */,
				DC9416405C2F877C71313CFB /* ChatMainView.swift */,
				871D5E008799D63F70DDB6BD /* ChatNewChatViewController.swift */,
				E422BC03268AFC7C9B284AC0 /* ChatPacketTransport.swift */,
				8A3274C41352303E88CDECAF /* ChatPhoenixClient.swift */,
				EEBB6198BAEEEE29633FC594 /* ChatPinnedBannerView.swift */,
				82D5A93F36475FAE371079BF /* ChatProfileMainView.swift */,
				A99569B73B37CD9EACA59C56 /* ChatProfileMediaGridRowCell.swift */,
				42F14A86DDB52B50D56E8BA7 /* ChatReactionFxModule.swift */,
				5A44B8099AB523A594ACF23D /* ChatStickerPackPanel.swift */,
				754FDF87BD57F34960C18C23 /* ChatStickerPackStore.swift */,
				A2FB9239F8391F97370A3D6E /* ChatTransport.swift */,
				442580188ADA2A3D9C1F6346 /* ChatVideoEditModule.swift */,
				BEEE61510F6D03851DBE2104 /* ChatVideoEditViewController.swift */,
				3199C0085E03FEC896298598 /* GlassMorphTransition.swift */,
				28B2EA4061AAD7986D0511DD /* InAppBrowserViewController.swift */,
				5467C6795E5CC738709C5F60 /* LottieCompat.swift */,
				15E69C3AA8F9510D0C48B5B4 /* MusicPlayerBannerView.swift */,
				0528A65C97D89BCD72F146B8 /* MusicPlayerEngine.swift */,
				59C2EEC77B1AC286484839CC /* MusicPlayerModalView.swift */,
				41290DFCE1E777FEBE8A2F57 /* MusicPlayerStore.swift */,
				9E8CD913AF073565CD677369 /* TelegramSendMorphProfile.swift */,
				CDAA7450F228B7F2FF91C931 /* VibeCallEngine.swift */,
				C981873502637604560CBA24 /* VibeCallManager.swift */,
				598820A81E18CB2FB2212BB9 /* VibeCallStore.swift */,
				8EB66FEF77B23671D464D786 /* Resources */,
			);
			path = ChatModule;
			sourceTree = "<group>";
		};
		F858ED94099CD4D25677D3B6 /* cats */ = {
			isa = PBXGroup;
			children = (
				FF1C3ED62BF71EDEFC8C3B63 /* cat_loader.json */,
				1640ACCAF93E667D68835742 /* cat_love.json */,
				E806310A66FFEA5416C12134 /* cat_play.json */,
			);
			path = cats;
			sourceTree = "<group>";
		};
/* End PBXGroup section */

/* Begin PBXNativeTarget section */
		3FA221A1B648FD0BBBB89A7F /* Vibe */ = {
			isa = PBXNativeTarget;
			buildConfigurationList = 51BC96E0AAB7AE6442BF93E5 /* Build configuration list for PBXNativeTarget "Vibe" */;
			buildPhases = (
				70FEEED125D2D70A41ED9668 /* Sources */,
				77AC79F6136639AB08F20A74 /* Resources */,
			);
			buildRules = (
			);
			dependencies = (
			);
			name = Vibe;
			packageProductDependencies = (
			);
			productName = Vibe;
			productReference = 8DB8DC56085482FCD2C13CA8 /* Vibe.app */;
			productType = "com.apple.product-type.application";
		};
/* End PBXNativeTarget section */

/* Begin PBXProject section */
		EED2669A86F822C1EECD2A46 /* Project object */ = {
			isa = PBXProject;
			attributes = {
				BuildIndependentTargetsInParallel = YES;
				LastUpgradeCheck = 1430;
				TargetAttributes = {
					3FA221A1B648FD0BBBB89A7F = {
						DevelopmentTeam = BXY4DH6H7D;
					};
				};
			};
			buildConfigurationList = 786451589CA6F2DAC0B262E7 /* Build configuration list for PBXProject "Vibe" */;
			developmentRegion = en;
			hasScannedForEncodings = 0;
			knownRegions = (
				Base,
				en,
			);
			mainGroup = AFAA63D61E24764442D91192;
			minimizedProjectReferenceProxies = 1;
			preferredProjectObjectVersion = 77;
			productRefGroup = 36C47034649B944C27853618 /* Products */;
			projectDirPath = "";
			projectRoot = "";
			targets = (
				3FA221A1B648FD0BBBB89A7F /* Vibe */,
			);
		};
/* End PBXProject section */

/* Begin PBXResourcesBuildPhase section */
		77AC79F6136639AB08F20A74 /* Resources */ = {
			isa = PBXResourcesBuildPhase;
			buildActionMask = 2147483647;
			files = (
				73EAE27B898F92B632FAA861 /* Assets.xcassets in Resources */,
				D577876741A5C609C52D6F85 /* animals_transparent.png in Resources */,
				AA81ECC978071DA754A17B4F /* cat_loader.json in Resources */,
				7AE21E9D3ECA9E216CC9C307 /* cat_love.json in Resources */,
				7756E432FC0ED0FE8F1A09BA /* cat_play.json in Resources */,
				2FD97810AE7091BC7AF89DE2 /* doodle_transparent.png in Resources */,
				7FA1B793D1D0678AEA1C01B3 /* emoji_lmao.json in Resources */,
				683582D9C9F84639B98D703C /* emoji_smiley.json in Resources */,
				4CE6F54E45E3A573109E4CE0 /* emoji_test.json in Resources */,
				46730A76D04DD66C88AEC9CD /* emoji_wink.json in Resources */,
				613A7661100BC76ED1EBC186 /* food_transparent.png in Resources */,
				7FAD2045422A9269D215F37E /* fun_coffee.json in Resources */,
				84BA7ABD34DE47841DDDA044 /* fun_groovy.json in Resources */,
				9CA0936827918AE53C010A72 /* fun_orange.json in Resources */,
				2644B167FE52D9F1DA946E8B /* fun_potato.json in Resources */,
				D43BFE32BF17C20D69236718 /* logo.PNG in Resources */,
				575D88947922F7BA0CC224B4 /* music2_transparent.png in Resources */,
				6605AF1B777E5C5175EAC7C4 /* music_transparent.png in Resources */,
			);
			runOnlyForDeploymentPostprocessing = 0;
		};
/* End PBXResourcesBuildPhase section */

/* Begin PBXSourcesBuildPhase section */
		70FEEED125D2D70A41ED9668 /* Sources */ = {
			isa = PBXSourcesBuildPhase;
			buildActionMask = 2147483647;
			files = (
				C6389EFB3A26025807BB829E /* AppDelegate.swift in Sources */,
				7826D30D8760A3C5B885EAA2 /* AppNativeStoryCameraView.swift in Sources */,
				03785672A8EE7E946B37C3F2 /* AppNativeStoryComposerView.swift in Sources */,
				C026A1AD9FF0219C6EC9011F /* AppRootView.swift in Sources */,
				696525CD3BDEA5259BA86242 /* AppRuntimeController.swift in Sources */,
				DBEDD11EA19CBB1755CD6083 /* AppSessionConfig.swift in Sources */,
				49FDE2E6B1FAE0E71F386992 /* AppVectorIcons.swift in Sources */,
				2BFC94AE09D4AC88B6B56F51 /* AuthViewController.swift in Sources */,
				D4EFE23D6777302C0BE2225A /* ChatAgentConfigPanel.swift in Sources */,
				8874C06AFC40C5217820F981 /* ChatAgentConfigViewController.swift in Sources */,
				97BC3CE94386EA9EBD84B66F /* ChatAgentMessagesView.swift in Sources */,
				B2E42427ABEBD1C55906B1EC /* ChatAgentStreamingText.swift in Sources */,
				B26B9691EDE7A588485E61FF /* ChatAttachmentMenuController.swift in Sources */,
				9C1AC14728CB73DB35265073 /* ChatBlackoutTransport.swift in Sources */,
				B5D75AEF8EF085A4956C7185 /* ChatBuilderSetupPanel.swift in Sources */,
				8B0312E21AA3297A5E4981DF /* ChatContextMenuOverlay.swift in Sources */,
				2476DE0BE56B8BD3AC608F20 /* ChatEngine.swift in Sources */,
				225B44916B95562AE2745D41 /* ChatEngineStore.swift in Sources */,
				4BDF48DFFFAB3DECB72AE817 /* ChatGifPanel.swift in Sources */,
				8467B0AB166FC2E21D5D87DB /* ChatGroupMembersViewController.swift in Sources */,
				1EA97DF15AD85BA18CDC817C /* ChatHomeCardCell.swift in Sources */,
				090740C86EC21EC4B20788DA /* ChatHomeListModels.swift in Sources */,
				64C59B622685F652AAA63712 /* ChatHomeService.swift in Sources */,
				D615AA9C6418E0DF034F350D /* ChatHomeUndoBannerView.swift in Sources */,
				F1B70FB8A309F1E21B77D0E6 /* ChatHomeViewController.swift in Sources */,
				352C00BCD3D8CFE8408F7200 /* ChatImageEditModule.swift in Sources */,
				433414961C604815734B97CD /* ChatImageEditViewController.swift in Sources */,
				F4FB294062886DC2A6857E37 /* ChatInputBar.swift in Sources */,
				AFCFC1BFE0BFBEF5343D1EBB /* ChatListView+Interactions.swift in Sources */,
				C91B78CD343D4B647B1311C4 /* ChatListView.swift in Sources */,
				7DBD54C454C749496B6C225D /* ChatListViewAppearance.swift in Sources */,
				F732D3571DFC17C3E89781CB /* ChatListViewCells.swift in Sources */,
				4AC7CE2DA8DBE61751565FFC /* ChatListViewConstants.swift in Sources */,
				22D9248CEF009A90C0169CF2 /* ChatListViewModels.swift in Sources */,
				95DFC4F408571544EEDF1779 /* ChatListViewTransition.swift in Sources */,
				B5AEAE61FB1DE6257AB3326B /* ChatMainProfileActionNode.swift in Sources */,
				A5125BE9F5DF66AC74B8FB10 /* ChatMainProfileContentNodes.swift in Sources */,
				7B8D8AADE4D0F97437F416E1 /* ChatMainProfileHeaderHelpers.swift in Sources */,
				7FCB24890F876DDE136566B8 /* ChatMainView.swift in Sources */,
				FB3922E07C174C1D36DF414D /* ChatNewChatViewController.swift in Sources */,
				6BC6D2607F140F8237049F8B /* ChatPacketTransport.swift in Sources */,
				EF36D9AD6CCAFF9D05275D75 /* ChatPhoenixClient.swift in Sources */,
				063DAD1A754A47EE66B7BF41 /* ChatPinnedBannerView.swift in Sources */,
				8B25574C1AF83D878233E9F7 /* ChatProfileMainView.swift in Sources */,
				0D93898B6C3E00C686D7BF72 /* ChatProfileMediaGridRowCell.swift in Sources */,
				7884770663F5145B34B646CD /* ChatReactionFxModule.swift in Sources */,
				DBCEB55CFEDCDF1043CAFB1B /* ChatStickerPackPanel.swift in Sources */,
				B134B18AA4006ACA5E6353D5 /* ChatStickerPackStore.swift in Sources */,
				5551EA5C8448CC15986EF269 /* ChatTransport.swift in Sources */,
				92AA783A41AF5F3C7179AB2E /* ChatVideoEditModule.swift in Sources */,
				CC88AAD1B2914B80BC2A1053 /* ChatVideoEditViewController.swift in Sources */,
				45801E22164C4B81E25FACFE /* GlassMorphTransition.swift in Sources */,
				56838C5725638D46CB312436 /* InAppBrowserViewController.swift in Sources */,
				098D36FD542323E59B120363 /* LottieCompat.swift in Sources */,
				A3E92C2504EFE92139D6FE33 /* MetalKeyMaskView.swift in Sources */,
				58300AB7E7F83232B575C1A5 /* MusicPlayerBannerView.swift in Sources */,
				736D59420211BFFC98A86C40 /* MusicPlayerEngine.swift in Sources */,
				C1EDAA12E7A7F7E2CF9D11E6 /* MusicPlayerModalView.swift in Sources */,
				36ACCEB14147826EC647074C /* MusicPlayerStore.swift in Sources */,
				7730224BACF4052A8D8931FE /* PacketBootstrapService.swift in Sources */,
				9699723DB4851556C614BB55 /* PacketModels.swift in Sources */,
				4786B53574D013A068719A5A /* PacketRuntime.swift in Sources */,
				1286509FDB5E7C5CA1CB198B /* SecureKeyStore.swift in Sources */,
				CED87D9F1FEE6E5CEBCA9A65 /* SettingsNativeComponents.swift in Sources */,
				76FCB9F74F4723621017FC0E /* SettingsView.swift in Sources */,
				C8058003AE857CA92AD6D1AF /* TelegramSendMorphProfile.swift in Sources */,
				95F269DFCEEA8D79FBEDE4D4 /* VibeCallEngine.swift in Sources */,
				92ADFFC352BD5D545661C794 /* VibeCallManager.swift in Sources */,
				469E1F6B71999C82B7F597E1 /* VibeCallStore.swift in Sources */,
				55D2BB40370468CB242333E9 /* WelcomeViewController.swift in Sources */,
			);
			runOnlyForDeploymentPostprocessing = 0;
		};
/* End PBXSourcesBuildPhase section */

/* Begin XCBuildConfiguration section */
		38561933C04E9C5A2BF10AE8 /* Debug */ = {
			isa = XCBuildConfiguration;
			buildSettings = {
				ALWAYS_SEARCH_USER_PATHS = NO;
				CLANG_ANALYZER_NONNULL = YES;
				CLANG_ANALYZER_NUMBER_OBJECT_CONVERSION = YES_AGGRESSIVE;
				CLANG_CXX_LANGUAGE_STANDARD = "gnu++14";
				CLANG_CXX_LIBRARY = "libc++";
				CLANG_ENABLE_MODULES = YES;
				CLANG_ENABLE_OBJC_ARC = YES;
				CLANG_ENABLE_OBJC_WEAK = YES;
				CLANG_WARN_BLOCK_CAPTURE_AUTORELEASING = YES;
				CLANG_WARN_BOOL_CONVERSION = YES;
				CLANG_WARN_COMMA = YES;
				CLANG_WARN_CONSTANT_CONVERSION = YES;
				CLANG_WARN_DEPRECATED_OBJC_IMPLEMENTATIONS = YES;
				CLANG_WARN_DIRECT_OBJC_ISA_USAGE = YES_ERROR;
				CLANG_WARN_DOCUMENTATION_COMMENTS = YES;
				CLANG_WARN_EMPTY_BODY = YES;
				CLANG_WARN_ENUM_CONVERSION = YES;
				CLANG_WARN_INFINITE_RECURSION = YES;
				CLANG_WARN_INT_CONVERSION = YES;
				CLANG_WARN_NON_LITERAL_NULL_CONVERSION = YES;
				CLANG_WARN_OBJC_IMPLICIT_RETAIN_SELF = YES;
				CLANG_WARN_OBJC_LITERAL_CONVERSION = YES;
				CLANG_WARN_OBJC_ROOT_CLASS = YES_ERROR;
				CLANG_WARN_QUOTED_INCLUDE_IN_FRAMEWORK_HEADER = YES;
				CLANG_WARN_RANGE_LOOP_ANALYSIS = YES;
				CLANG_WARN_STRICT_PROTOTYPES = YES;
				CLANG_WARN_SUSPICIOUS_MOVE = YES;
				CLANG_WARN_UNGUARDED_AVAILABILITY = YES_AGGRESSIVE;
				CLANG_WARN_UNREACHABLE_CODE = YES;
				CLANG_WARN__DUPLICATE_METHOD_MATCH = YES;
				COPY_PHASE_STRIP = NO;
				CURRENT_PROJECT_VERSION = 1;
				DEBUG_INFORMATION_FORMAT = dwarf;
				DEVELOPMENT_TEAM = BXY4DH6H7D;
				ENABLE_STRICT_OBJC_MSGSEND = YES;
				ENABLE_TESTABILITY = YES;
				GCC_C_LANGUAGE_STANDARD = gnu11;
				GCC_DYNAMIC_NO_PIC = NO;
				GCC_NO_COMMON_BLOCKS = YES;
				GCC_OPTIMIZATION_LEVEL = 0;
				GCC_PREPROCESSOR_DEFINITIONS = (
					"$(inherited)",
					"DEBUG=1",
				);
				GCC_WARN_64_TO_32_BIT_CONVERSION = YES;
				GCC_WARN_ABOUT_RETURN_TYPE = YES_ERROR;
				GCC_WARN_UNDECLARED_SELECTOR = YES;
				GCC_WARN_UNINITIALIZED_AUTOS = YES_AGGRESSIVE;
				GCC_WARN_UNUSED_FUNCTION = YES;
				GCC_WARN_UNUSED_VARIABLE = YES;
				IPHONEOS_DEPLOYMENT_TARGET = 26.0;
				MARKETING_VERSION = 1.0.0;
				MTL_ENABLE_DEBUG_INFO = INCLUDE_SOURCE;
				MTL_FAST_MATH = YES;
				ONLY_ACTIVE_ARCH = YES;
				"OTHER_LDFLAGS[sdk=iphoneos*][arch=arm64]" = (
					"$(SRCROOT)/Vendor/Packet/ios-arm64/libphantom_client.a",
					"-lresolv",
				);
				"OTHER_LDFLAGS[sdk=iphonesimulator*][arch=arm64]" = (
					"$(SRCROOT)/Vendor/Packet/ios-sim-arm64/libphantom_client.a",
					"-lresolv",
				);
				"OTHER_LDFLAGS[sdk=iphonesimulator*][arch=x86_64]" = (
					"$(SRCROOT)/Vendor/Packet/ios-sim-x86_64/libphantom_client.a",
					"-lresolv",
				);
				PRODUCT_BUNDLE_IDENTIFIER = com.vibegram.app;
				PRODUCT_NAME = Vibe;
				SDKROOT = iphoneos;
				SWIFT_ACTIVE_COMPILATION_CONDITIONS = DEBUG;
				SWIFT_OBJC_BRIDGING_HEADER = "Sources/Packet/Packet-Bridging-Header.h";
				SWIFT_OPTIMIZATION_LEVEL = "-Onone";
				SWIFT_VERSION = 5.1;
			};
			name = Debug;
		};
		641420F0664D511DD712F20B /* Release */ = {
			isa = XCBuildConfiguration;
			buildSettings = {
				ASSETCATALOG_COMPILER_APPICON_NAME = AppIcon;
				CODE_SIGN_IDENTITY = "iPhone Developer";
				INFOPLIST_FILE = App/Info.plist;
				IPHONEOS_DEPLOYMENT_TARGET = 26.0;
				LD_RUNPATH_SEARCH_PATHS = (
					"$(inherited)",
					"@executable_path/Frameworks",
				);
				SDKROOT = iphoneos;
				TARGETED_DEVICE_FAMILY = "1,2";
			};
			name = Release;
		};
		8648B7CB6CB62C77085C011C /* Release */ = {
			isa = XCBuildConfiguration;
			buildSettings = {
				ALWAYS_SEARCH_USER_PATHS = NO;
				CLANG_ANALYZER_NONNULL = YES;
				CLANG_ANALYZER_NUMBER_OBJECT_CONVERSION = YES_AGGRESSIVE;
				CLANG_CXX_LANGUAGE_STANDARD = "gnu++14";
				CLANG_CXX_LIBRARY = "libc++";
				CLANG_ENABLE_MODULES = YES;
				CLANG_ENABLE_OBJC_ARC = YES;
				CLANG_ENABLE_OBJC_WEAK = YES;
				CLANG_WARN_BLOCK_CAPTURE_AUTORELEASING = YES;
				CLANG_WARN_BOOL_CONVERSION = YES;
				CLANG_WARN_COMMA = YES;
				CLANG_WARN_CONSTANT_CONVERSION = YES;
				CLANG_WARN_DEPRECATED_OBJC_IMPLEMENTATIONS = YES;
				CLANG_WARN_DIRECT_OBJC_ISA_USAGE = YES_ERROR;
				CLANG_WARN_DOCUMENTATION_COMMENTS = YES;
				CLANG_WARN_EMPTY_BODY = YES;
				CLANG_WARN_ENUM_CONVERSION = YES;
				CLANG_WARN_INFINITE_RECURSION = YES;
				CLANG_WARN_INT_CONVERSION = YES;
				CLANG_WARN_NON_LITERAL_NULL_CONVERSION = YES;
				CLANG_WARN_OBJC_IMPLICIT_RETAIN_SELF = YES;
				CLANG_WARN_OBJC_LITERAL_CONVERSION = YES;
				CLANG_WARN_OBJC_ROOT_CLASS = YES_ERROR;
				CLANG_WARN_QUOTED_INCLUDE_IN_FRAMEWORK_HEADER = YES;
				CLANG_WARN_RANGE_LOOP_ANALYSIS = YES;
				CLANG_WARN_STRICT_PROTOTYPES = YES;
				CLANG_WARN_SUSPICIOUS_MOVE = YES;
				CLANG_WARN_UNGUARDED_AVAILABILITY = YES_AGGRESSIVE;
				CLANG_WARN_UNREACHABLE_CODE = YES;
				CLANG_WARN__DUPLICATE_METHOD_MATCH = YES;
				COPY_PHASE_STRIP = NO;
				CURRENT_PROJECT_VERSION = 1;
				DEBUG_INFORMATION_FORMAT = "dwarf-with-dsym";
				DEVELOPMENT_TEAM = BXY4DH6H7D;
				ENABLE_NS_ASSERTIONS = NO;
				ENABLE_STRICT_OBJC_MSGSEND = YES;
				GCC_C_LANGUAGE_STANDARD = gnu11;
				GCC_NO_COMMON_BLOCKS = YES;
				GCC_WARN_64_TO_32_BIT_CONVERSION = YES;
				GCC_WARN_ABOUT_RETURN_TYPE = YES_ERROR;
				GCC_WARN_UNDECLARED_SELECTOR = YES;
				GCC_WARN_UNINITIALIZED_AUTOS = YES_AGGRESSIVE;
				GCC_WARN_UNUSED_FUNCTION = YES;
				GCC_WARN_UNUSED_VARIABLE = YES;
				IPHONEOS_DEPLOYMENT_TARGET = 26.0;
				MARKETING_VERSION = 1.0.0;
				MTL_ENABLE_DEBUG_INFO = NO;
				MTL_FAST_MATH = YES;
				"OTHER_LDFLAGS[sdk=iphoneos*][arch=arm64]" = (
					"$(SRCROOT)/Vendor/Packet/ios-arm64/libphantom_client.a",
					"-lresolv",
				);
				"OTHER_LDFLAGS[sdk=iphonesimulator*][arch=arm64]" = (
					"$(SRCROOT)/Vendor/Packet/ios-sim-arm64/libphantom_client.a",
					"-lresolv",
				);
				"OTHER_LDFLAGS[sdk=iphonesimulator*][arch=x86_64]" = (
					"$(SRCROOT)/Vendor/Packet/ios-sim-x86_64/libphantom_client.a",
					"-lresolv",
				);
				PRODUCT_BUNDLE_IDENTIFIER = com.vibegram.app;
				PRODUCT_NAME = Vibe;
				SDKROOT = iphoneos;
				SWIFT_COMPILATION_MODE = wholemodule;
				SWIFT_OBJC_BRIDGING_HEADER = "Sources/Packet/Packet-Bridging-Header.h";
				SWIFT_OPTIMIZATION_LEVEL = "-O";
				SWIFT_VERSION = 5.1;
			};
			name = Release;
		};
		C1618052F026D1131C526402 /* Debug */ = {
			isa = XCBuildConfiguration;
			buildSettings = {
				ASSETCATALOG_COMPILER_APPICON_NAME = AppIcon;
				CODE_SIGN_IDENTITY = "iPhone Developer";
				INFOPLIST_FILE = App/Info.plist;
				IPHONEOS_DEPLOYMENT_TARGET = 26.0;
				LD_RUNPATH_SEARCH_PATHS = (
					"$(inherited)",
					"@executable_path/Frameworks",
				);
				SDKROOT = iphoneos;
				TARGETED_DEVICE_FAMILY = "1,2";
			};
			name = Debug;
		};
/* End XCBuildConfiguration section */

/* Begin XCConfigurationList section */
		51BC96E0AAB7AE6442BF93E5 /* Build configuration list for PBXNativeTarget "Vibe" */ = {
			isa = XCConfigurationList;
			buildConfigurations = (
				C1618052F026D1131C526402 /* Debug */,
				641420F0664D511DD712F20B /* Release */,
			);
			defaultConfigurationIsVisible = 0;
			defaultConfigurationName = Debug;
		};
		786451589CA6F2DAC0B262E7 /* Build configuration list for PBXProject "Vibe" */ = {
			isa = XCConfigurationList;
			buildConfigurations = (
				38561933C04E9C5A2BF10AE8 /* Debug */,
				8648B7CB6CB62C77085C011C /* Release */,
			);
			defaultConfigurationIsVisible = 0;
			defaultConfigurationName = Debug;
		};
/* End XCConfigurationList section */
	};
	rootObject = EED2669A86F822C1EECD2A46 /* Project object */;
}
